
Microsoft Visual Studio Solution File, Format Version 12.00
# Visual Studio 14
VisualStudioVersion = 14.0.25420.1
MinimumVisualStudioVersion = 10.0.40219.1
Project("{2150E333-8FDC-42A3-9474-1A3956D46DE8}") = "Solution Items", "Solution Items", "{B5A8B83D-E495-498C-9B1D-651597FD9728}"
	ProjectSection(SolutionItems) = preProject
		CSharpSettings.DotSettings = CSharpSettings.DotSettings
		README.md = README.md
	EndProjectSection
EndProject
Project("{FAE04EC0-301F-11D3-BF4B-00C04F79EFBC}") = "Tests", "Tests\Tests.csproj", "{40666471-96DA-4505-A4B3-C37D9FDDD3C3}"
EndProject
Project("{FAE04EC0-301F-11D3-BF4B-00C04F79EFBC}") = "Logic", "Logic\Logic.csproj", "{759C1B54-12B9-49A2-BA42-81DCCBD23B26}"
EndProject
Project("{FAE04EC0-301F-11D3-BF4B-00C04F79EFBC}") = "Aids", "Aids\Aids.csproj", "{F5F5804F-6EE7-4745-8323-826F76B3E0B0}"
EndProject
Project("{FAE04EC0-301F-11D3-BF4B-00C04F79EFBC}") = "Software", "Software\Software.csproj", "{B3A55CC1-D2E1-407E-99F4-24A4D062E7D3}"
EndProject
Global
	GlobalSection(SolutionConfigurationPlatforms) = preSolution
		Debug|Any CPU = Debug|Any CPU
		Release|Any CPU = Release|Any CPU
	EndGlobalSection
	GlobalSection(ProjectConfigurationPlatforms) = postSolution
		{40666471-96DA-4505-A4B3-C37D9FDDD3C3}.Debug|Any CPU.ActiveCfg = Debug|Any CPU
		{40666471-96DA-4505-A4B3-C37D9FDDD3C3}.Debug|Any CPU.Build.0 = Debug|Any CPU
		{40666471-96DA-4505-A4B3-C37D9FDDD3C3}.Release|Any CPU.ActiveCfg = Release|Any CPU
		{40666471-96DA-4505-A4B3-C37D9FDDD3C3}.Release|Any CPU.Build.0 = Release|Any CPU
		{759C1B54-12B9-49A2-BA42-81DCCBD23B26}.Debug|Any CPU.ActiveCfg = Debug|Any CPU
		{759C1B54-12B9-49A2-BA42-81DCCBD23B26}.Debug|Any CPU.Build.0 = Debug|Any CPU
		{759C1B54-12B9-49A2-BA42-81DCCBD23B26}.Release|Any CPU.ActiveCfg = Release|Any CPU
		{759C1B54-12B9-49A2-BA42-81DCCBD23B26}.Release|Any CPU.Build.0 = Release|Any CPU
		{F5F5804F-6EE7-4745-8323-826F76B3E0B0}.Debug|Any CPU.ActiveCfg = Debug|Any CPU
		{F5F5804F-6EE7-4745-8323-826F76B3E0B0}.Debug|Any CPU.Build.0 = Debug|Any CPU
		{F5F5804F-6EE7-4745-8323-826F76B3E0B0}.Release|Any CPU.ActiveCfg = Release|Any CPU
		{F5F5804F-6EE7-4745-8323-826F76B3E0B0}.Release|Any CPU.Build.0 = Release|Any CPU
		{B3A55CC1-D2E1-407E-99F4-24A4D062E7D3}.Debug|Any CPU.ActiveCfg = Debug|Any CPU
		{B3A55CC1-D2E1-407E-99F4-24A4D062E7D3}.Debug|Any CPU.Build.0 = Debug|Any CPU
		{B3A55CC1-D2E1-407E-99F4-24A4D062E7D3}.Release|Any CPU.ActiveCfg = Release|Any CPU
		{B3A55CC1-D2E1-407E-99F4-24A4D062E7D3}.Release|Any CPU.Build.0 = Release|Any CPU
	EndGlobalSection
	GlobalSection(SolutionProperties) = preSolution
		HideSolutionNode = FALSE
	EndGlobalSection
EndGlobal
